
Microsoft Visual Studio Solution File, Format Version 12.00
# Visual Studio Version 17
VisualStudioVersion = 17.6.33723.286
MinimumVisualStudioVersion = 10.0.40219.1
Project("{9A19103F-16F7-4668-BE54-9A1E7A4F7556}") = "ConsoleCopyConstructor19sep2023", "ConsoleCopyConstructor19sep2023\ConsoleCopyConstructor19sep2023.csproj", "{766F164F-176D-42FB-BAE2-72650A1873B3}"
EndProject
Project("{9A19103F-16F7-4668-BE54-9A1E7A4F7556}") = "ConsoleBankAccount20sep2023", "ConsoleBankAccount20sep2023\ConsoleBankAccount20sep2023.csproj", "{A9B45AD2-02D0-4507-89F2-B956313428E7}"
EndProject
Project("{9A19103F-16F7-4668-BE54-9A1E7A4F7556}") = "ConsoleDigitaleKluis22sep2023", "ConsoleDigitaleKluis22sep2023\ConsoleDigitaleKluis22sep2023.csproj", "{D0979661-74FA-4440-ABA7-05DFF415503C}"
EndProject
Project("{9A19103F-16F7-4668-BE54-9A1E7A4F7556}") = "ConsoleRekeningen22sep2023", "ConsoleRekeningen22sep2023\ConsoleRekeningen22sep2023.csproj", "{59FF2C23-5DC5-4CE2-BB19-FBF8077C57BF}"
EndProject
Project("{9A19103F-16F7-4668-BE54-9A1E7A4F7556}") = "ConsoleDierentuin25sep2023", "ConsoleDierentuin25sep2023\ConsoleDierentuin25sep2023.csproj", "{F322BC5C-497D-44CB-8052-F84FFA3EE422}"
EndProject
Project("{9A19103F-16F7-4668-BE54-9A1E7A4F7556}") = "ConsoleDierenFilter25sep2023", "ConsoleDierenFilter25sep2023\ConsoleDierenFilter25sep2023.csproj", "{639EC769-516E-4D56-A94F-07CE32E307F0}"
EndProject
Project("{9A19103F-16F7-4668-BE54-9A1E7A4F7556}") = "ConsoleMoederbord28sep2023", "ConsoleMoederbord28sep2023\ConsoleMoederbord28sep2023.csproj", "{AAFCBADD-3811-4E7A-879A-55E0B5D1CBFA}"
EndProject
Project("{9A19103F-16F7-4668-BE54-9A1E7A4F7556}") = "ConsolePersoon28sep2023", "ConsolePersoon28sep2023\ConsolePersoon28sep2023.csproj", "{4C27914C-8A2A-41F6-AC08-4E04319747F4}"
EndProject
Project("{9A19103F-16F7-4668-BE54-9A1E7A4F7556}") = "ConsoleEngine3oct2023", "ConsoleEngine3oct2023\ConsoleEngine3oct2023.csproj", "{A9FEBA4A-18C5-412D-9C83-61B4B09E436A}"
	ProjectSection(ProjectDependencies) = postProject
		{4C27914C-8A2A-41F6-AC08-4E04319747F4} = {4C27914C-8A2A-41F6-AC08-4E04319747F4}
	EndProjectSection
EndProject
Project("{9A19103F-16F7-4668-BE54-9A1E7A4F7556}") = "ConsoleIsAndAsOperators5oct2023", "ConsoleIsAndAsOperators5oct2023\ConsoleIsAndAsOperators5oct2023.csproj", "{0B302B33-D945-4513-B10E-A9BDC90F7339}"
EndProject
Project("{9A19103F-16F7-4668-BE54-9A1E7A4F7556}") = "ConsoleStringBuilder5oct2023", "ConsoleStringBuilder5oct2023\ConsoleStringBuilder5oct2023.csproj", "{3BF285FF-4EF1-4B14-B930-FB72BC7DF5E7}"
EndProject
Project("{9A19103F-16F7-4668-BE54-9A1E7A4F7556}") = "ConsoleBessel7oct2023", "ConsoleBessel7oct2023\ConsoleBessel7oct2023.csproj", "{87B0AFFA-80BF-46AF-BA1D-F9316CFA9E0D}"
EndProject
Project("{9A19103F-16F7-4668-BE54-9A1E7A4F7556}") = "ConsoleIntegrationInterpolation7oct2023", "ConsoleIntegrationInterpolation7oct2023\ConsoleIntegrationInterpolation7oct2023.csproj", "{779276C4-62D6-43E4-8F57-DF28E8319547}"
EndProject
Project("{FAE04EC0-301F-11D3-BF4B-00C04F79EFBC}") = "WindowsFormsFrameworkBessel14oct2023", "WindowsFormsFrameworkBessel14oct2023\WindowsFormsFrameworkBessel14oct2023.csproj", "{AB2DE719-30AA-4BDE-A4F7-325103FC653F}"
EndProject
Project("{FAE04EC0-301F-11D3-BF4B-00C04F79EFBC}") = "WindowsFormsFrameworkConsumptiePrijsIndex14oct2023", "WindowsFormsFrameworkConsumptiePrijsIndex14oct2023\WindowsFormsFrameworkConsumptiePrijsIndex14oct2023.csproj", "{BD97CB0D-F110-4FBA-A6A6-E0069E7D4599}"
EndProject
Project("{FAE04EC0-301F-11D3-BF4B-00C04F79EFBC}") = "WindowsFormsFrameworkNormaalVerdeling14oct2023", "WindowsFormsFrameworkNormaalVerdeling14oct2023\WindowsFormsFrameworkNormaalVerdeling14oct2023.csproj", "{AC397EA1-3729-4ED7-8CD5-902174B75A03}"
EndProject
Project("{9A19103F-16F7-4668-BE54-9A1E7A4F7556}") = "LibraryInterpolation13nov2023", "LibraryInterpolation13nov2023\LibraryInterpolation13nov2023.csproj", "{E2D53FF7-A3CC-4F99-A4DB-FA661E1B88E2}"
EndProject
Project("{9A19103F-16F7-4668-BE54-9A1E7A4F7556}") = "ConsoleInterpolatie13nov2023", "ConsoleInterpolatie13nov2023\ConsoleInterpolatie13nov2023.csproj", "{1C744D24-034F-4724-8248-9E3557E92BFD}"
EndProject
Project("{9A19103F-16F7-4668-BE54-9A1E7A4F7556}") = "LibraryIntegration13nov2023", "LibraryIntegration13nov2023\LibraryIntegration13nov2023.csproj", "{E716985E-FE6A-47B9-94AB-A00449A78643}"
EndProject
Project("{9A19103F-16F7-4668-BE54-9A1E7A4F7556}") = "LibraryFunctionExamples13nov2023", "LibraryIntegrationExamples13nov2023\LibraryFunctionExamples13nov2023.csproj", "{911F2CD3-F987-4E15-86C9-EF45D3945FD1}"
EndProject
Project("{9A19103F-16F7-4668-BE54-9A1E7A4F7556}") = "ConsoleIntegration13nov2023", "ConsoleIntegration13nov2023\ConsoleIntegration13nov2023.csproj", "{5D71D5D4-ADCC-46A7-BDF7-B54AF8DF5FF5}"
EndProject
Project("{9A19103F-16F7-4668-BE54-9A1E7A4F7556}") = "ConsoleIntegration14nov2023", "ConsoleIntegration14nov2023\ConsoleIntegration14nov2023.csproj", "{2A854081-8C70-4C65-9394-F3126A76B344}"
EndProject
Project("{9A19103F-16F7-4668-BE54-9A1E7A4F7556}") = "ConsoleInterpolatie6dec2023", "ConsoleInterpolatie6dec2023\ConsoleInterpolatie6dec2023.csproj", "{CE6052ED-AE32-4B7C-999D-11472CCB9204}"
EndProject
Project("{9A19103F-16F7-4668-BE54-9A1E7A4F7556}") = "ConsoleIntegration13dec2023", "ConsoleIntegration13dec2023\ConsoleIntegration13dec2023.csproj", "{B80E2897-FAC5-4F29-8B9D-CDE9E4E101A4}"
EndProject
Project("{9A19103F-16F7-4668-BE54-9A1E7A4F7556}") = "ConsoleIntegration14dec2023", "ConsoleIntegration14dec2023\ConsoleIntegration14dec2023.csproj", "{911CD748-C7A7-4857-8D51-345B8F162B3D}"
EndProject
Project("{9A19103F-16F7-4668-BE54-9A1E7A4F7556}") = "LibraryPhysicalUnits9feb2024", "LibraryPhysicalUnits9feb2024\LibraryPhysicalUnits9feb2024.csproj", "{60C9AB47-67B6-4CE2-A79B-A11B43C22E14}"
EndProject
Project("{9A19103F-16F7-4668-BE54-9A1E7A4F7556}") = "LibraryPhysicalUnits9feb2024.Test", "LibraryPhysicalUnits9feb2024.Test\LibraryPhysicalUnits9feb2024.Test.csproj", "{FD307301-78C8-4591-93C5-82343FA40225}"
EndProject
Project("{9A19103F-16F7-4668-BE54-9A1E7A4F7556}") = "ConsoleDierenFilter9feb2024", "ConsoleDierenFilter9feb2024\ConsoleDierenFilter9feb2024.csproj", "{C2C2780F-72D4-48FB-8909-BF003B4642FA}"
EndProject
Project("{9A19103F-16F7-4668-BE54-9A1E7A4F7556}") = "ConsoleDierentuin9feb2024", "ConsoleDierentuin9feb2024\ConsoleDierentuin9feb2024.csproj", "{AD912BA5-C4BB-437A-83B4-C13AE0DBDF32}"
EndProject
Project("{9A19103F-16F7-4668-BE54-9A1E7A4F7556}") = "LibraryDierentuin9feb2024", "LibraryDierentuin9feb2024\LibraryDierentuin9feb2024.csproj", "{D1058DF5-262F-4812-A99E-F819F239AE98}"
EndProject
Project("{9A19103F-16F7-4668-BE54-9A1E7A4F7556}") = "WinFormsIsing2D11feb2024", "WinFormsIsing2D11feb2024\WinFormsIsing2D11feb2024.csproj", "{4F02EDD9-E377-48EF-B10A-8727F7AB70EA}"
EndProject
Project("{9A19103F-16F7-4668-BE54-9A1E7A4F7556}") = "WinFormsOxyPlotHistogram10mar2024", "WinFormsOxyPlotHistogram10mar2024\WinFormsOxyPlotHistogram10mar2024.csproj", "{043DA8FF-73D2-4926-B88D-6ECA833C09DB}"
EndProject
Project("{9A19103F-16F7-4668-BE54-9A1E7A4F7556}") = "WinFormsOxyPlotHistogram11mar2024", "WinFormsOxyPlotHistogram11mar2024\WinFormsOxyPlotHistogram11mar2024.csproj", "{35F1AD2E-178F-4495-AA17-A08D6AC0414E}"
EndProject
Project("{9A19103F-16F7-4668-BE54-9A1E7A4F7556}") = "WinFormsOxyPlotHistogram12mar2024", "WinFormsOxyPlotHistogram12mar2024\WinFormsOxyPlotHistogram12mar2024.csproj", "{88F9A202-3259-4620-AE99-95CED0E67252}"
EndProject
Project("{9A19103F-16F7-4668-BE54-9A1E7A4F7556}") = "WinFormsOxyPlotHistogram13mar2024", "WinFormsOxyPlotHistogram13mar2024\WinFormsOxyPlotHistogram13mar2024.csproj", "{83BBFF5E-82DF-4C65-8DF4-C18896CE4B46}"
EndProject
Project("{9A19103F-16F7-4668-BE54-9A1E7A4F7556}") = "WinFormsOxyPlotHistogram14mar2024", "WinFormsOxyPlotHistogram14mar2024\WinFormsOxyPlotHistogram14mar2024.csproj", "{23E70F0B-4022-470B-8088-55488A66A0DF}"
EndProject
Project("{9A19103F-16F7-4668-BE54-9A1E7A4F7556}") = "WinFormsOxyPlotHistogram15mar2024", "WinFormsOxyPlotHistogram15mar2024\WinFormsOxyPlotHistogram15mar2024.csproj", "{8587BE97-5B6A-41D2-B028-4EE00F0F6547}"
EndProject
Project("{FAE04EC0-301F-11D3-BF4B-00C04F79EFBC}") = "WinFormsOxyPlotHistogram16mar2024", "WinFormsOxyPlotHistogram16mar2024\WinFormsOxyPlotHistogram16mar2024.csproj", "{7C4C9366-D103-43F4-8F87-4D605819CF1A}"
EndProject
Project("{FAE04EC0-301F-11D3-BF4B-00C04F79EFBC}") = "WinFormsOxyPlotHistogram17mar2024", "WinFormsOxyPlotHistogram17mar2024\WinFormsOxyPlotHistogram17mar2024.csproj", "{6D936838-1F12-46F8-B473-25A17231EE16}"
EndProject
Global
	GlobalSection(SolutionConfigurationPlatforms) = preSolution
		Debug|Any CPU = Debug|Any CPU
		Release|Any CPU = Release|Any CPU
	EndGlobalSection
	GlobalSection(ProjectConfigurationPlatforms) = postSolution
		{766F164F-176D-42FB-BAE2-72650A1873B3}.Debug|Any CPU.ActiveCfg = Debug|Any CPU
		{766F164F-176D-42FB-BAE2-72650A1873B3}.Debug|Any CPU.Build.0 = Debug|Any CPU
		{766F164F-176D-42FB-BAE2-72650A1873B3}.Release|Any CPU.ActiveCfg = Release|Any CPU
		{766F164F-176D-42FB-BAE2-72650A1873B3}.Release|Any CPU.Build.0 = Release|Any CPU
		{A9B45AD2-02D0-4507-89F2-B956313428E7}.Debug|Any CPU.ActiveCfg = Debug|Any CPU
		{A9B45AD2-02D0-4507-89F2-B956313428E7}.Debug|Any CPU.Build.0 = Debug|Any CPU
		{A9B45AD2-02D0-4507-89F2-B956313428E7}.Release|Any CPU.ActiveCfg = Release|Any CPU
		{A9B45AD2-02D0-4507-89F2-B956313428E7}.Release|Any CPU.Build.0 = Release|Any CPU
		{D0979661-74FA-4440-ABA7-05DFF415503C}.Debug|Any CPU.ActiveCfg = Debug|Any CPU
		{D0979661-74FA-4440-ABA7-05DFF415503C}.Debug|Any CPU.Build.0 = Debug|Any CPU
		{D0979661-74FA-4440-ABA7-05DFF415503C}.Release|Any CPU.ActiveCfg = Release|Any CPU
		{D0979661-74FA-4440-ABA7-05DFF415503C}.Release|Any CPU.Build.0 = Release|Any CPU
		{59FF2C23-5DC5-4CE2-BB19-FBF8077C57BF}.Debug|Any CPU.ActiveCfg = Debug|Any CPU
		{59FF2C23-5DC5-4CE2-BB19-FBF8077C57BF}.Debug|Any CPU.Build.0 = Debug|Any CPU
		{59FF2C23-5DC5-4CE2-BB19-FBF8077C57BF}.Release|Any CPU.ActiveCfg = Release|Any CPU
		{59FF2C23-5DC5-4CE2-BB19-FBF8077C57BF}.Release|Any CPU.Build.0 = Release|Any CPU
		{F322BC5C-497D-44CB-8052-F84FFA3EE422}.Debug|Any CPU.ActiveCfg = Debug|Any CPU
		{F322BC5C-497D-44CB-8052-F84FFA3EE422}.Debug|Any CPU.Build.0 = Debug|Any CPU
		{F322BC5C-497D-44CB-8052-F84FFA3EE422}.Release|Any CPU.ActiveCfg = Release|Any CPU
		{F322BC5C-497D-44CB-8052-F84FFA3EE422}.Release|Any CPU.Build.0 = Release|Any CPU
		{639EC769-516E-4D56-A94F-07CE32E307F0}.Debug|Any CPU.ActiveCfg = Debug|Any CPU
		{639EC769-516E-4D56-A94F-07CE32E307F0}.Debug|Any CPU.Build.0 = Debug|Any CPU
		{639EC769-516E-4D56-A94F-07CE32E307F0}.Release|Any CPU.ActiveCfg = Release|Any CPU
		{639EC769-516E-4D56-A94F-07CE32E307F0}.Release|Any CPU.Build.0 = Release|Any CPU
		{AAFCBADD-3811-4E7A-879A-55E0B5D1CBFA}.Debug|Any CPU.ActiveCfg = Debug|Any CPU
		{AAFCBADD-3811-4E7A-879A-55E0B5D1CBFA}.Debug|Any CPU.Build.0 = Debug|Any CPU
		{AAFCBADD-3811-4E7A-879A-55E0B5D1CBFA}.Release|Any CPU.ActiveCfg = Release|Any CPU
		{AAFCBADD-3811-4E7A-879A-55E0B5D1CBFA}.Release|Any CPU.Build.0 = Release|Any CPU
		{4C27914C-8A2A-41F6-AC08-4E04319747F4}.Debug|Any CPU.ActiveCfg = Debug|Any CPU
		{4C27914C-8A2A-41F6-AC08-4E04319747F4}.Debug|Any CPU.Build.0 = Debug|Any CPU
		{4C27914C-8A2A-41F6-AC08-4E04319747F4}.Release|Any CPU.ActiveCfg = Release|Any CPU
		{4C27914C-8A2A-41F6-AC08-4E04319747F4}.Release|Any CPU.Build.0 = Release|Any CPU
		{A9FEBA4A-18C5-412D-9C83-61B4B09E436A}.Debug|Any CPU.ActiveCfg = Debug|Any CPU
		{A9FEBA4A-18C5-412D-9C83-61B4B09E436A}.Debug|Any CPU.Build.0 = Debug|Any CPU
		{A9FEBA4A-18C5-412D-9C83-61B4B09E436A}.Release|Any CPU.ActiveCfg = Release|Any CPU
		{A9FEBA4A-18C5-412D-9C83-61B4B09E436A}.Release|Any CPU.Build.0 = Release|Any CPU
		{0B302B33-D945-4513-B10E-A9BDC90F7339}.Debug|Any CPU.ActiveCfg = Debug|Any CPU
		{0B302B33-D945-4513-B10E-A9BDC90F7339}.Debug|Any CPU.Build.0 = Debug|Any CPU
		{0B302B33-D945-4513-B10E-A9BDC90F7339}.Release|Any CPU.ActiveCfg = Release|Any CPU
		{0B302B33-D945-4513-B10E-A9BDC90F7339}.Release|Any CPU.Build.0 = Release|Any CPU
		{3BF285FF-4EF1-4B14-B930-FB72BC7DF5E7}.Debug|Any CPU.ActiveCfg = Debug|Any CPU
		{3BF285FF-4EF1-4B14-B930-FB72BC7DF5E7}.Debug|Any CPU.Build.0 = Debug|Any CPU
		{3BF285FF-4EF1-4B14-B930-FB72BC7DF5E7}.Release|Any CPU.ActiveCfg = Release|Any CPU
		{3BF285FF-4EF1-4B14-B930-FB72BC7DF5E7}.Release|Any CPU.Build.0 = Release|Any CPU
		{87B0AFFA-80BF-46AF-BA1D-F9316CFA9E0D}.Debug|Any CPU.ActiveCfg = Debug|Any CPU
		{87B0AFFA-80BF-46AF-BA1D-F9316CFA9E0D}.Debug|Any CPU.Build.0 = Debug|Any CPU
		{87B0AFFA-80BF-46AF-BA1D-F9316CFA9E0D}.Release|Any CPU.ActiveCfg = Release|Any CPU
		{87B0AFFA-80BF-46AF-BA1D-F9316CFA9E0D}.Release|Any CPU.Build.0 = Release|Any CPU
		{779276C4-62D6-43E4-8F57-DF28E8319547}.Debug|Any CPU.ActiveCfg = Debug|Any CPU
		{779276C4-62D6-43E4-8F57-DF28E8319547}.Debug|Any CPU.Build.0 = Debug|Any CPU
		{779276C4-62D6-43E4-8F57-DF28E8319547}.Release|Any CPU.ActiveCfg = Release|Any CPU
		{779276C4-62D6-43E4-8F57-DF28E8319547}.Release|Any CPU.Build.0 = Release|Any CPU
		{AB2DE719-30AA-4BDE-A4F7-325103FC653F}.Debug|Any CPU.ActiveCfg = Debug|Any CPU
		{AB2DE719-30AA-4BDE-A4F7-325103FC653F}.Debug|Any CPU.Build.0 = Debug|Any CPU
		{AB2DE719-30AA-4BDE-A4F7-325103FC653F}.Release|Any CPU.ActiveCfg = Release|Any CPU
		{AB2DE719-30AA-4BDE-A4F7-325103FC653F}.Release|Any CPU.Build.0 = Release|Any CPU
		{BD97CB0D-F110-4FBA-A6A6-E0069E7D4599}.Debug|Any CPU.ActiveCfg = Debug|Any CPU
		{BD97CB0D-F110-4FBA-A6A6-E0069E7D4599}.Debug|Any CPU.Build.0 = Debug|Any CPU
		{BD97CB0D-F110-4FBA-A6A6-E0069E7D4599}.Release|Any CPU.ActiveCfg = Release|Any CPU
		{BD97CB0D-F110-4FBA-A6A6-E0069E7D4599}.Release|Any CPU.Build.0 = Release|Any CPU
		{AC397EA1-3729-4ED7-8CD5-902174B75A03}.Debug|Any CPU.ActiveCfg = Debug|Any CPU
		{AC397EA1-3729-4ED7-8CD5-902174B75A03}.Debug|Any CPU.Build.0 = Debug|Any CPU
		{AC397EA1-3729-4ED7-8CD5-902174B75A03}.Release|Any CPU.ActiveCfg = Release|Any CPU
		{AC397EA1-3729-4ED7-8CD5-902174B75A03}.Release|Any CPU.Build.0 = Release|Any CPU
		{E2D53FF7-A3CC-4F99-A4DB-FA661E1B88E2}.Debug|Any CPU.ActiveCfg = Debug|Any CPU
		{E2D53FF7-A3CC-4F99-A4DB-FA661E1B88E2}.Debug|Any CPU.Build.0 = Debug|Any CPU
		{E2D53FF7-A3CC-4F99-A4DB-FA661E1B88E2}.Release|Any CPU.ActiveCfg = Release|Any CPU
		{E2D53FF7-A3CC-4F99-A4DB-FA661E1B88E2}.Release|Any CPU.Build.0 = Release|Any CPU
		{1C744D24-034F-4724-8248-9E3557E92BFD}.Debug|Any CPU.ActiveCfg = Debug|Any CPU
		{1C744D24-034F-4724-8248-9E3557E92BFD}.Debug|Any CPU.Build.0 = Debug|Any CPU
		{1C744D24-034F-4724-8248-9E3557E92BFD}.Release|Any CPU.ActiveCfg = Release|Any CPU
		{1C744D24-034F-4724-8248-9E3557E92BFD}.Release|Any CPU.Build.0 = Release|Any CPU
		{E716985E-FE6A-47B9-94AB-A00449A78643}.Debug|Any CPU.ActiveCfg = Debug|Any CPU
		{E716985E-FE6A-47B9-94AB-A00449A78643}.Debug|Any CPU.Build.0 = Debug|Any CPU
		{E716985E-FE6A-47B9-94AB-A00449A78643}.Release|Any CPU.ActiveCfg = Release|Any CPU
		{E716985E-FE6A-47B9-94AB-A00449A78643}.Release|Any CPU.Build.0 = Release|Any CPU
		{911F2CD3-F987-4E15-86C9-EF45D3945FD1}.Debug|Any CPU.ActiveCfg = Debug|Any CPU
		{911F2CD3-F987-4E15-86C9-EF45D3945FD1}.Debug|Any CPU.Build.0 = Debug|Any CPU
		{911F2CD3-F987-4E15-86C9-EF45D3945FD1}.Release|Any CPU.ActiveCfg = Release|Any CPU
		{911F2CD3-F987-4E15-86C9-EF45D3945FD1}.Release|Any CPU.Build.0 = Release|Any CPU
		{5D71D5D4-ADCC-46A7-BDF7-B54AF8DF5FF5}.Debug|Any CPU.ActiveCfg = Debug|Any CPU
		{5D71D5D4-ADCC-46A7-BDF7-B54AF8DF5FF5}.Debug|Any CPU.Build.0 = Debug|Any CPU
		{5D71D5D4-ADCC-46A7-BDF7-B54AF8DF5FF5}.Release|Any CPU.ActiveCfg = Release|Any CPU
		{5D71D5D4-ADCC-46A7-BDF7-B54AF8DF5FF5}.Release|Any CPU.Build.0 = Release|Any CPU
		{2A854081-8C70-4C65-9394-F3126A76B344}.Debug|Any CPU.ActiveCfg = Debug|Any CPU
		{2A854081-8C70-4C65-9394-F3126A76B344}.Debug|Any CPU.Build.0 = Debug|Any CPU
		{2A854081-8C70-4C65-9394-F3126A76B344}.Release|Any CPU.ActiveCfg = Release|Any CPU
		{2A854081-8C70-4C65-9394-F3126A76B344}.Release|Any CPU.Build.0 = Release|Any CPU
		{CE6052ED-AE32-4B7C-999D-11472CCB9204}.Debug|Any CPU.ActiveCfg = Debug|Any CPU
		{CE6052ED-AE32-4B7C-999D-11472CCB9204}.Debug|Any CPU.Build.0 = Debug|Any CPU
		{CE6052ED-AE32-4B7C-999D-11472CCB9204}.Release|Any CPU.ActiveCfg = Release|Any CPU
		{CE6052ED-AE32-4B7C-999D-11472CCB9204}.Release|Any CPU.Build.0 = Release|Any CPU
		{B80E2897-FAC5-4F29-8B9D-CDE9E4E101A4}.Debug|Any CPU.ActiveCfg = Debug|Any CPU
		{B80E2897-FAC5-4F29-8B9D-CDE9E4E101A4}.Debug|Any CPU.Build.0 = Debug|Any CPU
		{B80E2897-FAC5-4F29-8B9D-CDE9E4E101A4}.Release|Any CPU.ActiveCfg = Release|Any CPU
		{B80E2897-FAC5-4F29-8B9D-CDE9E4E101A4}.Release|Any CPU.Build.0 = Release|Any CPU
		{911CD748-C7A7-4857-8D51-345B8F162B3D}.Debug|Any CPU.ActiveCfg = Debug|Any CPU
		{911CD748-C7A7-4857-8D51-345B8F162B3D}.Debug|Any CPU.Build.0 = Debug|Any CPU
		{911CD748-C7A7-4857-8D51-345B8F162B3D}.Release|Any CPU.ActiveCfg = Release|Any CPU
		{911CD748-C7A7-4857-8D51-345B8F162B3D}.Release|Any CPU.Build.0 = Release|Any CPU
		{60C9AB47-67B6-4CE2-A79B-A11B43C22E14}.Debug|Any CPU.ActiveCfg = Debug|Any CPU
		{60C9AB47-67B6-4CE2-A79B-A11B43C22E14}.Debug|Any CPU.Build.0 = Debug|Any CPU
		{60C9AB47-67B6-4CE2-A79B-A11B43C22E14}.Release|Any CPU.ActiveCfg = Release|Any CPU
		{60C9AB47-67B6-4CE2-A79B-A11B43C22E14}.Release|Any CPU.Build.0 = Release|Any CPU
		{FD307301-78C8-4591-93C5-82343FA40225}.Debug|Any CPU.ActiveCfg = Debug|Any CPU
		{FD307301-78C8-4591-93C5-82343FA40225}.Debug|Any CPU.Build.0 = Debug|Any CPU
		{FD307301-78C8-4591-93C5-82343FA40225}.Release|Any CPU.ActiveCfg = Release|Any CPU
		{FD307301-78C8-4591-93C5-82343FA40225}.Release|Any CPU.Build.0 = Release|Any CPU
		{C2C2780F-72D4-48FB-8909-BF003B4642FA}.Debug|Any CPU.ActiveCfg = Debug|Any CPU
		{C2C2780F-72D4-48FB-8909-BF003B4642FA}.Debug|Any CPU.Build.0 = Debug|Any CPU
		{C2C2780F-72D4-48FB-8909-BF003B4642FA}.Release|Any CPU.ActiveCfg = Release|Any CPU
		{C2C2780F-72D4-48FB-8909-BF003B4642FA}.Release|Any CPU.Build.0 = Release|Any CPU
		{AD912BA5-C4BB-437A-83B4-C13AE0DBDF32}.Debug|Any CPU.ActiveCfg = Debug|Any CPU
		{AD912BA5-C4BB-437A-83B4-C13AE0DBDF32}.Debug|Any CPU.Build.0 = Debug|Any CPU
		{AD912BA5-C4BB-437A-83B4-C13AE0DBDF32}.Release|Any CPU.ActiveCfg = Release|Any CPU
		{AD912BA5-C4BB-437A-83B4-C13AE0DBDF32}.Release|Any CPU.Build.0 = Release|Any CPU
		{D1058DF5-262F-4812-A99E-F819F239AE98}.Debug|Any CPU.ActiveCfg = Debug|Any CPU
		{D1058DF5-262F-4812-A99E-F819F239AE98}.Debug|Any CPU.Build.0 = Debug|Any CPU
		{D1058DF5-262F-4812-A99E-F819F239AE98}.Release|Any CPU.ActiveCfg = Release|Any CPU
		{D1058DF5-262F-4812-A99E-F819F239AE98}.Release|Any CPU.Build.0 = Release|Any CPU
		{4F02EDD9-E377-48EF-B10A-8727F7AB70EA}.Debug|Any CPU.ActiveCfg = Debug|Any CPU
		{4F02EDD9-E377-48EF-B10A-8727F7AB70EA}.Debug|Any CPU.Build.0 = Debug|Any CPU
		{4F02EDD9-E377-48EF-B10A-8727F7AB70EA}.Release|Any CPU.ActiveCfg = Release|Any CPU
		{4F02EDD9-E377-48EF-B10A-8727F7AB70EA}.Release|Any CPU.Build.0 = Release|Any CPU
		{043DA8FF-73D2-4926-B88D-6ECA833C09DB}.Debug|Any CPU.ActiveCfg = Debug|Any CPU
		{043DA8FF-73D2-4926-B88D-6ECA833C09DB}.Debug|Any CPU.Build.0 = Debug|Any CPU
		{043DA8FF-73D2-4926-B88D-6ECA833C09DB}.Release|Any CPU.ActiveCfg = Release|Any CPU
		{043DA8FF-73D2-4926-B88D-6ECA833C09DB}.Release|Any CPU.Build.0 = Release|Any CPU
		{35F1AD2E-178F-4495-AA17-A08D6AC0414E}.Debug|Any CPU.ActiveCfg = Debug|Any CPU
		{35F1AD2E-178F-4495-AA17-A08D6AC0414E}.Debug|Any CPU.Build.0 = Debug|Any CPU
		{35F1AD2E-178F-4495-AA17-A08D6AC0414E}.Release|Any CPU.ActiveCfg = Release|Any CPU
		{35F1AD2E-178F-4495-AA17-A08D6AC0414E}.Release|Any CPU.Build.0 = Release|Any CPU
		{88F9A202-3259-4620-AE99-95CED0E67252}.Debug|Any CPU.ActiveCfg = Debug|Any CPU
		{88F9A202-3259-4620-AE99-95CED0E67252}.Debug|Any CPU.Build.0 = Debug|Any CPU
		{88F9A202-3259-4620-AE99-95CED0E67252}.Release|Any CPU.ActiveCfg = Release|Any CPU
		{88F9A202-3259-4620-AE99-95CED0E67252}.Release|Any CPU.Build.0 = Release|Any CPU
		{83BBFF5E-82DF-4C65-8DF4-C18896CE4B46}.Debug|Any CPU.ActiveCfg = Debug|Any CPU
		{83BBFF5E-82DF-4C65-8DF4-C18896CE4B46}.Debug|Any CPU.Build.0 = Debug|Any CPU
		{83BBFF5E-82DF-4C65-8DF4-C18896CE4B46}.Release|Any CPU.ActiveCfg = Release|Any CPU
		{83BBFF5E-82DF-4C65-8DF4-C18896CE4B46}.Release|Any CPU.Build.0 = Release|Any CPU
		{23E70F0B-4022-470B-8088-55488A66A0DF}.Debug|Any CPU.ActiveCfg = Debug|Any CPU
		{23E70F0B-4022-470B-8088-55488A66A0DF}.Debug|Any CPU.Build.0 = Debug|Any CPU
		{23E70F0B-4022-470B-8088-55488A66A0DF}.Release|Any CPU.ActiveCfg = Release|Any CPU
		{23E70F0B-4022-470B-8088-55488A66A0DF}.Release|Any CPU.Build.0 = Release|Any CPU
		{8587BE97-5B6A-41D2-B028-4EE00F0F6547}.Debug|Any CPU.ActiveCfg = Debug|Any CPU
		{8587BE97-5B6A-41D2-B028-4EE00F0F6547}.Debug|Any CPU.Build.0 = Debug|Any CPU
		{8587BE97-5B6A-41D2-B028-4EE00F0F6547}.Release|Any CPU.ActiveCfg = Release|Any CPU
		{8587BE97-5B6A-41D2-B028-4EE00F0F6547}.Release|Any CPU.Build.0 = Release|Any CPU
		{7C4C9366-D103-43F4-8F87-4D605819CF1A}.Debug|Any CPU.ActiveCfg = Debug|Any CPU
		{7C4C9366-D103-43F4-8F87-4D605819CF1A}.Debug|Any CPU.Build.0 = Debug|Any CPU
		{7C4C9366-D103-43F4-8F87-4D605819CF1A}.Release|Any CPU.ActiveCfg = Release|Any CPU
		{7C4C9366-D103-43F4-8F87-4D605819CF1A}.Release|Any CPU.Build.0 = Release|Any CPU
		{6D936838-1F12-46F8-B473-25A17231EE16}.Debug|Any CPU.ActiveCfg = Debug|Any CPU
		{6D936838-1F12-46F8-B473-25A17231EE16}.Debug|Any CPU.Build.0 = Debug|Any CPU
		{6D936838-1F12-46F8-B473-25A17231EE16}.Release|Any CPU.ActiveCfg = Release|Any CPU
		{6D936838-1F12-46F8-B473-25A17231EE16}.Release|Any CPU.Build.0 = Release|Any CPU
	EndGlobalSection
	GlobalSection(SolutionProperties) = preSolution
		HideSolutionNode = FALSE
	EndGlobalSection
	GlobalSection(ExtensibilityGlobals) = postSolution
		SolutionGuid = {58C86818-5602-4E84-B2F0-CDD16AF2EB98}
	EndGlobalSection
EndGlobal
