
Microsoft Visual Studio Solution File, Format Version 12.00
# Visual Studio Version 17
VisualStudioVersion = 17.6.33723.286
MinimumVisualStudioVersion = 10.0.40219.1
Project("{9A19103F-16F7-4668-BE54-9A1E7A4F7556}") = "ConsoleCopyConstructor19sep2023", "ConsoleCopyConstructor19sep2023\ConsoleCopyConstructor19sep2023.csproj", "{766F164F-176D-42FB-BAE2-72650A1873B3}"
EndProject
Project("{9A19103F-16F7-4668-BE54-9A1E7A4F7556}") = "ConsoleBankAccount20sep2023", "ConsoleBankAccount20sep2023\ConsoleBankAccount20sep2023.csproj", "{A9B45AD2-02D0-4507-89F2-B956313428E7}"
EndProject
Project("{9A19103F-16F7-4668-BE54-9A1E7A4F7556}") = "ConsoleDigitaleKluis22sep2023", "ConsoleDigitaleKluis22sep2023\ConsoleDigitaleKluis22sep2023.csproj", "{D0979661-74FA-4440-ABA7-05DFF415503C}"
EndProject
Project("{9A19103F-16F7-4668-BE54-9A1E7A4F7556}") = "ConsoleRekeningen22sep2023", "ConsoleRekeningen22sep2023\ConsoleRekeningen22sep2023.csproj", "{59FF2C23-5DC5-4CE2-BB19-FBF8077C57BF}"
EndProject
Project("{9A19103F-16F7-4668-BE54-9A1E7A4F7556}") = "ConsoleDierentuin25sep2023", "ConsoleDierentuin25sep2023\ConsoleDierentuin25sep2023.csproj", "{F322BC5C-497D-44CB-8052-F84FFA3EE422}"
EndProject
Project("{9A19103F-16F7-4668-BE54-9A1E7A4F7556}") = "ConsoleDierenFilter25sep2023", "ConsoleDierenFilter25sep2023\ConsoleDierenFilter25sep2023.csproj", "{639EC769-516E-4D56-A94F-07CE32E307F0}"
EndProject
Project("{9A19103F-16F7-4668-BE54-9A1E7A4F7556}") = "ConsoleMoederbord28sep2023", "ConsoleMoederbord28sep2023\ConsoleMoederbord28sep2023.csproj", "{AAFCBADD-3811-4E7A-879A-55E0B5D1CBFA}"
EndProject
Project("{9A19103F-16F7-4668-BE54-9A1E7A4F7556}") = "ConsolePersoon28sep2023", "ConsolePersoon28sep2023\ConsolePersoon28sep2023.csproj", "{4C27914C-8A2A-41F6-AC08-4E04319747F4}"
EndProject
Project("{9A19103F-16F7-4668-BE54-9A1E7A4F7556}") = "ConsoleEngine3oct2023", "ConsoleEngine3oct2023\ConsoleEngine3oct2023.csproj", "{A9FEBA4A-18C5-412D-9C83-61B4B09E436A}"
	ProjectSection(ProjectDependencies) = postProject
		{4C27914C-8A2A-41F6-AC08-4E04319747F4} = {4C27914C-8A2A-41F6-AC08-4E04319747F4}
	EndProjectSection
EndProject
Project("{9A19103F-16F7-4668-BE54-9A1E7A4F7556}") = "ConsoleIsAndAsOperators5oct2023", "ConsoleIsAndAsOperators5oct2023\ConsoleIsAndAsOperators5oct2023.csproj", "{0B302B33-D945-4513-B10E-A9BDC90F7339}"
EndProject
Project("{9A19103F-16F7-4668-BE54-9A1E7A4F7556}") = "ConsoleStringBuilder5oct2023", "ConsoleStringBuilder5oct2023\ConsoleStringBuilder5oct2023.csproj", "{3BF285FF-4EF1-4B14-B930-FB72BC7DF5E7}"
EndProject
Project("{9A19103F-16F7-4668-BE54-9A1E7A4F7556}") = "ConsoleBessel7oct2023", "ConsoleBessel7oct2023\ConsoleBessel7oct2023.csproj", "{87B0AFFA-80BF-46AF-BA1D-F9316CFA9E0D}"
EndProject
Project("{9A19103F-16F7-4668-BE54-9A1E7A4F7556}") = "ConsoleIntegrationInterpolation7oct2023", "ConsoleIntegrationInterpolation7oct2023\ConsoleIntegrationInterpolation7oct2023.csproj", "{779276C4-62D6-43E4-8F57-DF28E8319547}"
EndProject
Project("{FAE04EC0-301F-11D3-BF4B-00C04F79EFBC}") = "WindowsFormsFrameworkBessel14oct2023", "WindowsFormsFrameworkBessel14oct2023\WindowsFormsFrameworkBessel14oct2023.csproj", "{AB2DE719-30AA-4BDE-A4F7-325103FC653F}"
EndProject
Project("{FAE04EC0-301F-11D3-BF4B-00C04F79EFBC}") = "WindowsFormsFrameworkConsumptiePrijsIndex14oct2023", "WindowsFormsFrameworkConsumptiePrijsIndex14oct2023\WindowsFormsFrameworkConsumptiePrijsIndex14oct2023.csproj", "{BD97CB0D-F110-4FBA-A6A6-E0069E7D4599}"
EndProject
Project("{FAE04EC0-301F-11D3-BF4B-00C04F79EFBC}") = "WindowsFormsFrameworkNormaalVerdeling14oct2023", "WindowsFormsFrameworkNormaalVerdeling14oct2023\WindowsFormsFrameworkNormaalVerdeling14oct2023.csproj", "{AC397EA1-3729-4ED7-8CD5-902174B75A03}"
EndProject
Global
	GlobalSection(SolutionConfigurationPlatforms) = preSolution
		Debug|Any CPU = Debug|Any CPU
		Release|Any CPU = Release|Any CPU
	EndGlobalSection
	GlobalSection(ProjectConfigurationPlatforms) = postSolution
		{766F164F-176D-42FB-BAE2-72650A1873B3}.Debug|Any CPU.ActiveCfg = Debug|Any CPU
		{766F164F-176D-42FB-BAE2-72650A1873B3}.Debug|Any CPU.Build.0 = Debug|Any CPU
		{766F164F-176D-42FB-BAE2-72650A1873B3}.Release|Any CPU.ActiveCfg = Release|Any CPU
		{766F164F-176D-42FB-BAE2-72650A1873B3}.Release|Any CPU.Build.0 = Release|Any CPU
		{A9B45AD2-02D0-4507-89F2-B956313428E7}.Debug|Any CPU.ActiveCfg = Debug|Any CPU
		{A9B45AD2-02D0-4507-89F2-B956313428E7}.Debug|Any CPU.Build.0 = Debug|Any CPU
		{A9B45AD2-02D0-4507-89F2-B956313428E7}.Release|Any CPU.ActiveCfg = Release|Any CPU
		{A9B45AD2-02D0-4507-89F2-B956313428E7}.Release|Any CPU.Build.0 = Release|Any CPU
		{D0979661-74FA-4440-ABA7-05DFF415503C}.Debug|Any CPU.ActiveCfg = Debug|Any CPU
		{D0979661-74FA-4440-ABA7-05DFF415503C}.Debug|Any CPU.Build.0 = Debug|Any CPU
		{D0979661-74FA-4440-ABA7-05DFF415503C}.Release|Any CPU.ActiveCfg = Release|Any CPU
		{D0979661-74FA-4440-ABA7-05DFF415503C}.Release|Any CPU.Build.0 = Release|Any CPU
		{59FF2C23-5DC5-4CE2-BB19-FBF8077C57BF}.Debug|Any CPU.ActiveCfg = Debug|Any CPU
		{59FF2C23-5DC5-4CE2-BB19-FBF8077C57BF}.Debug|Any CPU.Build.0 = Debug|Any CPU
		{59FF2C23-5DC5-4CE2-BB19-FBF8077C57BF}.Release|Any CPU.ActiveCfg = Release|Any CPU
		{59FF2C23-5DC5-4CE2-BB19-FBF8077C57BF}.Release|Any CPU.Build.0 = Release|Any CPU
		{F322BC5C-497D-44CB-8052-F84FFA3EE422}.Debug|Any CPU.ActiveCfg = Debug|Any CPU
		{F322BC5C-497D-44CB-8052-F84FFA3EE422}.Debug|Any CPU.Build.0 = Debug|Any CPU
		{F322BC5C-497D-44CB-8052-F84FFA3EE422}.Release|Any CPU.ActiveCfg = Release|Any CPU
		{F322BC5C-497D-44CB-8052-F84FFA3EE422}.Release|Any CPU.Build.0 = Release|Any CPU
		{639EC769-516E-4D56-A94F-07CE32E307F0}.Debug|Any CPU.ActiveCfg = Debug|Any CPU
		{639EC769-516E-4D56-A94F-07CE32E307F0}.Debug|Any CPU.Build.0 = Debug|Any CPU
		{639EC769-516E-4D56-A94F-07CE32E307F0}.Release|Any CPU.ActiveCfg = Release|Any CPU
		{639EC769-516E-4D56-A94F-07CE32E307F0}.Release|Any CPU.Build.0 = Release|Any CPU
		{AAFCBADD-3811-4E7A-879A-55E0B5D1CBFA}.Debug|Any CPU.ActiveCfg = Debug|Any CPU
		{AAFCBADD-3811-4E7A-879A-55E0B5D1CBFA}.Debug|Any CPU.Build.0 = Debug|Any CPU
		{AAFCBADD-3811-4E7A-879A-55E0B5D1CBFA}.Release|Any CPU.ActiveCfg = Release|Any CPU
		{AAFCBADD-3811-4E7A-879A-55E0B5D1CBFA}.Release|Any CPU.Build.0 = Release|Any CPU
		{4C27914C-8A2A-41F6-AC08-4E04319747F4}.Debug|Any CPU.ActiveCfg = Debug|Any CPU
		{4C27914C-8A2A-41F6-AC08-4E04319747F4}.Debug|Any CPU.Build.0 = Debug|Any CPU
		{4C27914C-8A2A-41F6-AC08-4E04319747F4}.Release|Any CPU.ActiveCfg = Release|Any CPU
		{4C27914C-8A2A-41F6-AC08-4E04319747F4}.Release|Any CPU.Build.0 = Release|Any CPU
		{A9FEBA4A-18C5-412D-9C83-61B4B09E436A}.Debug|Any CPU.ActiveCfg = Debug|Any CPU
		{A9FEBA4A-18C5-412D-9C83-61B4B09E436A}.Debug|Any CPU.Build.0 = Debug|Any CPU
		{A9FEBA4A-18C5-412D-9C83-61B4B09E436A}.Release|Any CPU.ActiveCfg = Release|Any CPU
		{A9FEBA4A-18C5-412D-9C83-61B4B09E436A}.Release|Any CPU.Build.0 = Release|Any CPU
		{0B302B33-D945-4513-B10E-A9BDC90F7339}.Debug|Any CPU.ActiveCfg = Debug|Any CPU
		{0B302B33-D945-4513-B10E-A9BDC90F7339}.Debug|Any CPU.Build.0 = Debug|Any CPU
		{0B302B33-D945-4513-B10E-A9BDC90F7339}.Release|Any CPU.ActiveCfg = Release|Any CPU
		{0B302B33-D945-4513-B10E-A9BDC90F7339}.Release|Any CPU.Build.0 = Release|Any CPU
		{3BF285FF-4EF1-4B14-B930-FB72BC7DF5E7}.Debug|Any CPU.ActiveCfg = Debug|Any CPU
		{3BF285FF-4EF1-4B14-B930-FB72BC7DF5E7}.Debug|Any CPU.Build.0 = Debug|Any CPU
		{3BF285FF-4EF1-4B14-B930-FB72BC7DF5E7}.Release|Any CPU.ActiveCfg = Release|Any CPU
		{3BF285FF-4EF1-4B14-B930-FB72BC7DF5E7}.Release|Any CPU.Build.0 = Release|Any CPU
		{87B0AFFA-80BF-46AF-BA1D-F9316CFA9E0D}.Debug|Any CPU.ActiveCfg = Debug|Any CPU
		{87B0AFFA-80BF-46AF-BA1D-F9316CFA9E0D}.Debug|Any CPU.Build.0 = Debug|Any CPU
		{87B0AFFA-80BF-46AF-BA1D-F9316CFA9E0D}.Release|Any CPU.ActiveCfg = Release|Any CPU
		{87B0AFFA-80BF-46AF-BA1D-F9316CFA9E0D}.Release|Any CPU.Build.0 = Release|Any CPU
		{779276C4-62D6-43E4-8F57-DF28E8319547}.Debug|Any CPU.ActiveCfg = Debug|Any CPU
		{779276C4-62D6-43E4-8F57-DF28E8319547}.Debug|Any CPU.Build.0 = Debug|Any CPU
		{779276C4-62D6-43E4-8F57-DF28E8319547}.Release|Any CPU.ActiveCfg = Release|Any CPU
		{779276C4-62D6-43E4-8F57-DF28E8319547}.Release|Any CPU.Build.0 = Release|Any CPU
		{AB2DE719-30AA-4BDE-A4F7-325103FC653F}.Debug|Any CPU.ActiveCfg = Debug|Any CPU
		{AB2DE719-30AA-4BDE-A4F7-325103FC653F}.Debug|Any CPU.Build.0 = Debug|Any CPU
		{AB2DE719-30AA-4BDE-A4F7-325103FC653F}.Release|Any CPU.ActiveCfg = Release|Any CPU
		{AB2DE719-30AA-4BDE-A4F7-325103FC653F}.Release|Any CPU.Build.0 = Release|Any CPU
		{BD97CB0D-F110-4FBA-A6A6-E0069E7D4599}.Debug|Any CPU.ActiveCfg = Debug|Any CPU
		{BD97CB0D-F110-4FBA-A6A6-E0069E7D4599}.Debug|Any CPU.Build.0 = Debug|Any CPU
		{BD97CB0D-F110-4FBA-A6A6-E0069E7D4599}.Release|Any CPU.ActiveCfg = Release|Any CPU
		{BD97CB0D-F110-4FBA-A6A6-E0069E7D4599}.Release|Any CPU.Build.0 = Release|Any CPU
		{AC397EA1-3729-4ED7-8CD5-902174B75A03}.Debug|Any CPU.ActiveCfg = Debug|Any CPU
		{AC397EA1-3729-4ED7-8CD5-902174B75A03}.Debug|Any CPU.Build.0 = Debug|Any CPU
		{AC397EA1-3729-4ED7-8CD5-902174B75A03}.Release|Any CPU.ActiveCfg = Release|Any CPU
		{AC397EA1-3729-4ED7-8CD5-902174B75A03}.Release|Any CPU.Build.0 = Release|Any CPU
	EndGlobalSection
	GlobalSection(SolutionProperties) = preSolution
		HideSolutionNode = FALSE
	EndGlobalSection
	GlobalSection(ExtensibilityGlobals) = postSolution
		SolutionGuid = {58C86818-5602-4E84-B2F0-CDD16AF2EB98}
	EndGlobalSection
EndGlobal
